
Microsoft Visual Studio Solution File, Format Version 12.00
# Visual Studio Version 17
VisualStudioVersion = 17.0.31717.71
MinimumVisualStudioVersion = 10.0.40219.1
Project("{9A19103F-16F7-4668-BE54-9A1E7A4F7556}") = "MementoEvent", "MementoEvent.csproj", "{EB1A639E-E0B0-456A-AA32-52347C56364E}"
EndProject
Project("{FAE04EC0-301F-11D3-BF4B-00C04F79EFBC}") = "MementoAPI", "..\MementoAPI\MementoAPI.csproj", "{711ACD76-63CE-402F-B038-911818076FB4}"
EndProject
Project("{FAE04EC0-301F-11D3-BF4B-00C04F79EFBC}") = "DatabaseAccess", "..\DatabaseAccess\DatabaseAccess.csproj", "{B9C18150-0F29-422D-8343-94AF14EDE4FB}"
EndProject
Global
	GlobalSection(SolutionConfigurationPlatforms) = preSolution
		Debug|Any CPU = Debug|Any CPU
		Release|Any CPU = Release|Any CPU
	EndGlobalSection
	GlobalSection(ProjectConfigurationPlatforms) = postSolution
		{EB1A639E-E0B0-456A-AA32-52347C56364E}.Debug|Any CPU.ActiveCfg = Debug|Any CPU
		{EB1A639E-E0B0-456A-AA32-52347C56364E}.Debug|Any CPU.Build.0 = Debug|Any CPU
		{EB1A639E-E0B0-456A-AA32-52347C56364E}.Release|Any CPU.ActiveCfg = Release|Any CPU
		{EB1A639E-E0B0-456A-AA32-52347C56364E}.Release|Any CPU.Build.0 = Release|Any CPU
		{711ACD76-63CE-402F-B038-911818076FB4}.Debug|Any CPU.ActiveCfg = Debug|Any CPU
		{711ACD76-63CE-402F-B038-911818076FB4}.Debug|Any CPU.Build.0 = Debug|Any CPU
		{711ACD76-63CE-402F-B038-911818076FB4}.Release|Any CPU.ActiveCfg = Release|Any CPU
		{711ACD76-63CE-402F-B038-911818076FB4}.Release|Any CPU.Build.0 = Release|Any CPU
		{B9C18150-0F29-422D-8343-94AF14EDE4FB}.Debug|Any CPU.ActiveCfg = Debug|Any CPU
		{B9C18150-0F29-422D-8343-94AF14EDE4FB}.Debug|Any CPU.Build.0 = Debug|Any CPU
		{B9C18150-0F29-422D-8343-94AF14EDE4FB}.Release|Any CPU.ActiveCfg = Release|Any CPU
		{B9C18150-0F29-422D-8343-94AF14EDE4FB}.Release|Any CPU.Build.0 = Release|Any CPU
	EndGlobalSection
	GlobalSection(SolutionProperties) = preSolution
		HideSolutionNode = FALSE
	EndGlobalSection
	GlobalSection(ExtensibilityGlobals) = postSolution
		SolutionGuid = {304070BB-2CBA-4E45-A607-50601394835A}
	EndGlobalSection
EndGlobal
